
Microsoft Visual Studio Solution File, Format Version 12.00
# Visual Studio Version 17
VisualStudioVersion = 17.10.34916.146
MinimumVisualStudioVersion = 10.0.40219.1
Project("{FAE04EC0-301F-11D3-BF4B-00C04F79EFBC}") = "CompanyEmployeeApi", "CompanyEmployeeApi\CompanyEmployeeApi.csproj", "{7AA1C3F1-B776-4AF2-96DC-EA15E506EA1C}"
EndProject
Project("{FAE04EC0-301F-11D3-BF4B-00C04F79EFBC}") = "DB", "DB\DB.csproj", "{EA4D0A4F-7D83-4693-B800-46DC03087FEF}"
EndProject
Global
	GlobalSection(SolutionConfigurationPlatforms) = preSolution
		Debug|Any CPU = Debug|Any CPU
		Release|Any CPU = Release|Any CPU
	EndGlobalSection
	GlobalSection(ProjectConfigurationPlatforms) = postSolution
		{7AA1C3F1-B776-4AF2-96DC-EA15E506EA1C}.Debug|Any CPU.ActiveCfg = Debug|Any CPU
		{7AA1C3F1-B776-4AF2-96DC-EA15E506EA1C}.Debug|Any CPU.Build.0 = Debug|Any CPU
		{7AA1C3F1-B776-4AF2-96DC-EA15E506EA1C}.Release|Any CPU.ActiveCfg = Release|Any CPU
		{7AA1C3F1-B776-4AF2-96DC-EA15E506EA1C}.Release|Any CPU.Build.0 = Release|Any CPU
		{EA4D0A4F-7D83-4693-B800-46DC03087FEF}.Debug|Any CPU.ActiveCfg = Debug|Any CPU
		{EA4D0A4F-7D83-4693-B800-46DC03087FEF}.Debug|Any CPU.Build.0 = Debug|Any CPU
		{EA4D0A4F-7D83-4693-B800-46DC03087FEF}.Release|Any CPU.ActiveCfg = Release|Any CPU
		{EA4D0A4F-7D83-4693-B800-46DC03087FEF}.Release|Any CPU.Build.0 = Release|Any CPU
	EndGlobalSection
	GlobalSection(SolutionProperties) = preSolution
		HideSolutionNode = FALSE
	EndGlobalSection
	GlobalSection(ExtensibilityGlobals) = postSolution
		SolutionGuid = {45578CBE-44B9-42B8-BE7A-443E0B298F02}
	EndGlobalSection
EndGlobal
